// !$*UTF8*$!
{
	archiveVersion = 1;
	classes = {
	};
	objectVersion = 77;
	objects = {

/* Begin PBXBuildFile section */
		790FB4512CFC4E0D00E300E7 /* SDWebImageSwiftUI in Frameworks */ = {isa = PBXBuildFile; productRef = 790FB4502CFC4E0D00E300E7 /* SDWebImageSwiftUI */; };
		79B686182CF6FBA400B9B35F /* FirebaseAuth in Frameworks */ = {isa = PBXBuildFile; productRef = 79B686172CF6FBA400B9B35F /* FirebaseAuth */; };
		79B6861A2CF6FBA400B9B35F /* FirebaseCore in Frameworks */ = {isa = PBXBuildFile; productRef = 79B686192CF6FBA400B9B35F /* FirebaseCore */; };
		79B6861C2CF6FBA400B9B35F /* FirebaseDatabase in Frameworks */ = {isa = PBXBuildFile; productRef = 79B6861B2CF6FBA400B9B35F /* FirebaseDatabase */; };
		79B6861E2CF6FBA400B9B35F /* FirebaseFirestore in Frameworks */ = {isa = PBXBuildFile; productRef = 79B6861D2CF6FBA400B9B35F /* FirebaseFirestore */; };
		79B686202CF6FBA400B9B35F /* FirebaseStorage in Frameworks */ = {isa = PBXBuildFile; productRef = 79B6861F2CF6FBA400B9B35F /* FirebaseStorage */; };
		79B6862A2CF6FEF100B9B35F /* GoogleSignIn in Frameworks */ = {isa = PBXBuildFile; productRef = 79B686292CF6FEF100B9B35F /* GoogleSignIn */; };
		79B6862C2CF6FEF100B9B35F /* GoogleSignInSwift in Frameworks */ = {isa = PBXBuildFile; productRef = 79B6862B2CF6FEF100B9B35F /* GoogleSignInSwift */; };
/* End PBXBuildFile section */

/* Begin PBXFileReference section */
		79DC8AD42CF358D200B069D2 /* App_GroupChat_IOS.app */ = {isa = PBXFileReference; explicitFileType = wrapper.application; includeInIndex = 0; path = App_GroupChat_IOS.app; sourceTree = BUILT_PRODUCTS_DIR; };
/* End PBXFileReference section */

/* Begin PBXFileSystemSynchronizedRootGroup section */
		79DC8AD62CF358D200B069D2 /* App_GroupChat_IOS */ = {
			isa = PBXFileSystemSynchronizedRootGroup;
			path = App_GroupChat_IOS;
			sourceTree = "<group>";
		};
/* End PBXFileSystemSynchronizedRootGroup section */

/* Begin PBXFrameworksBuildPhase section */
		79DC8AD12CF358D200B069D2 /* Frameworks */ = {
			isa = PBXFrameworksBuildPhase;
			buildActionMask = 2147483647;
			files = (
				79B6861C2CF6FBA400B9B35F /* FirebaseDatabase in Frameworks */,
				79B6861E2CF6FBA400B9B35F /* FirebaseFirestore in Frameworks */,
				79B6862C2CF6FEF100B9B35F /* GoogleSignInSwift in Frameworks */,
				79B6861A2CF6FBA400B9B35F /* FirebaseCore in Frameworks */,
				790FB4512CFC4E0D00E300E7 /* SDWebImageSwiftUI in Frameworks */,
				79B686202CF6FBA400B9B35F /* FirebaseStorage in Frameworks */,
				79B686182CF6FBA400B9B35F /* FirebaseAuth in Frameworks */,
				79B6862A2CF6FEF100B9B35F /* GoogleSignIn in Frameworks */,
			);
			runOnlyForDeploymentPostprocessing = 0;
		};
/* End PBXFrameworksBuildPhase section */

/* Begin PBXGroup section */
		79DC8ACB2CF358D100B069D2 = {
			isa = PBXGroup;
			children = (
				79DC8AD62CF358D200B069D2 /* App_GroupChat_IOS */,
				79DC8AD52CF358D200B069D2 /* Products */,
			);
			sourceTree = "<group>";
		};
		79DC8AD52CF358D200B069D2 /* Products */ = {
			isa = PBXGroup;
			children = (
				79DC8AD42CF358D200B069D2 /* App_GroupChat_IOS.app */,
			);
			name = Products;
			sourceTree = "<group>";
		};
/* End PBXGroup section */

/* Begin PBXNativeTarget section */
		79DC8AD32CF358D200B069D2 /* App_GroupChat_IOS */ = {
			isa = PBXNativeTarget;
			buildConfigurationList = 79DC8AE22CF358D700B069D2 /* Build configuration list for PBXNativeTarget "App_GroupChat_IOS" */;
			buildPhases = (
				79DC8AD02CF358D200B069D2 /* Sources */,
				79DC8AD12CF358D200B069D2 /* Frameworks */,
				79DC8AD22CF358D200B069D2 /* Resources */,
			);
			buildRules = (
			);
			dependencies = (
			);
			fileSystemSynchronizedGroups = (
				79DC8AD62CF358D200B069D2 /* App_GroupChat_IOS */,
			);
			name = App_GroupChat_IOS;
			packageProductDependencies = (
				79B686172CF6FBA400B9B35F /* FirebaseAuth */,
				79B686192CF6FBA400B9B35F /* FirebaseCore */,
				79B6861B2CF6FBA400B9B35F /* FirebaseDatabase */,
				79B6861D2CF6FBA400B9B35F /* FirebaseFirestore */,
				79B6861F2CF6FBA400B9B35F /* FirebaseStorage */,
				79B686292CF6FEF100B9B35F /* GoogleSignIn */,
				79B6862B2CF6FEF100B9B35F /* GoogleSignInSwift */,
				790FB4502CFC4E0D00E300E7 /* SDWebImageSwiftUI */,
			);
			productName = App_GroupChat_IOS;
			productReference = 79DC8AD42CF358D200B069D2 /* App_GroupChat_IOS.app */;
			productType = "com.apple.product-type.application";
		};
/* End PBXNativeTarget section */

/* Begin PBXProject section */
		79DC8ACC2CF358D100B069D2 /* Project object */ = {
			isa = PBXProject;
			attributes = {
				BuildIndependentTargetsInParallel = 1;
				LastSwiftUpdateCheck = 1610;
				LastUpgradeCheck = 1610;
				TargetAttributes = {
					79DC8AD32CF358D200B069D2 = {
						CreatedOnToolsVersion = 16.1;
					};
				};
			};
			buildConfigurationList = 79DC8ACF2CF358D100B069D2 /* Build configuration list for PBXProject "App_GroupChat_IOS" */;
			developmentRegion = en;
			hasScannedForEncodings = 0;
			knownRegions = (
				en,
				Base,
			);
			mainGroup = 79DC8ACB2CF358D100B069D2;
			minimizedProjectReferenceProxies = 1;
			packageReferences = (
				79B685A32CF6F57D00B9B35F /* XCRemoteSwiftPackageReference "firebase-ios-sdk" */,
				79B686282CF6FEF100B9B35F /* XCRemoteSwiftPackageReference "GoogleSignIn-IOS" */,
				790FB44F2CFC4E0D00E300E7 /* XCRemoteSwiftPackageReference "SDWebImageSwiftUI" */,
			);
			preferredProjectObjectVersion = 77;
			productRefGroup = 79DC8AD52CF358D200B069D2 /* Products */;
			projectDirPath = "";
			projectRoot = "";
			targets = (
				79DC8AD32CF358D200B069D2 /* App_GroupChat_IOS */,
			);
		};
/* End PBXProject section */

/* Begin PBXResourcesBuildPhase section */
		79DC8AD22CF358D200B069D2 /* Resources */ = {
			isa = PBXResourcesBuildPhase;
			buildActionMask = 2147483647;
			files = (
			);
			runOnlyForDeploymentPostprocessing = 0;
		};
/* End PBXResourcesBuildPhase section */

/* Begin PBXSourcesBuildPhase section */
		79DC8AD02CF358D200B069D2 /* Sources */ = {
			isa = PBXSourcesBuildPhase;
			buildActionMask = 2147483647;
			files = (
			);
			runOnlyForDeploymentPostprocessing = 0;
		};
/* End PBXSourcesBuildPhase section */

/* Begin XCBuildConfiguration section */
		79DC8AE02CF358D700B069D2 /* Debug */ = {
			isa = XCBuildConfiguration;
			buildSettings = {
				ALWAYS_SEARCH_USER_PATHS = NO;
				ASSETCATALOG_COMPILER_GENERATE_SWIFT_ASSET_SYMBOL_EXTENSIONS = YES;
				CLANG_ANALYZER_NONNULL = YES;
				CLANG_ANALYZER_NUMBER_OBJECT_CONVERSION = YES_AGGRESSIVE;
				CLANG_CXX_LANGUAGE_STANDARD = "gnu++20";
				CLANG_ENABLE_MODULES = YES;
				CLANG_ENABLE_OBJC_ARC = YES;
				CLANG_ENABLE_OBJC_WEAK = YES;
				CLANG_WARN_BLOCK_CAPTURE_AUTORELEASING = YES;
				CLANG_WARN_BOOL_CONVERSION = YES;
				CLANG_WARN_COMMA = YES;
				CLANG_WARN_CONSTANT_CONVERSION = YES;
				CLANG_WARN_DEPRECATED_OBJC_IMPLEMENTATIONS = YES;
				CLANG_WARN_DIRECT_OBJC_ISA_USAGE = YES_ERROR;
				CLANG_WARN_DOCUMENTATION_COMMENTS = YES;
				CLANG_WARN_EMPTY_BODY = YES;
				CLANG_WARN_ENUM_CONVERSION = YES;
				CLANG_WARN_INFINITE_RECURSION = YES;
				CLANG_WARN_INT_CONVERSION = YES;
				CLANG_WARN_NON_LITERAL_NULL_CONVERSION = YES;
				CLANG_WARN_OBJC_IMPLICIT_RETAIN_SELF = YES;
				CLANG_WARN_OBJC_LITERAL_CONVERSION = YES;
				CLANG_WARN_OBJC_ROOT_CLASS = YES_ERROR;
				CLANG_WARN_QUOTED_INCLUDE_IN_FRAMEWORK_HEADER = YES;
				CLANG_WARN_RANGE_LOOP_ANALYSIS = YES;
				CLANG_WARN_STRICT_PROTOTYPES = YES;
				CLANG_WARN_SUSPICIOUS_MOVE = YES;
				CLANG_WARN_UNGUARDED_AVAILABILITY = YES_AGGRESSIVE;
				CLANG_WARN_UNREACHABLE_CODE = YES;
				CLANG_WARN__DUPLICATE_METHOD_MATCH = YES;
				COPY_PHASE_STRIP = NO;
				DEBUG_INFORMATION_FORMAT = dwarf;
				ENABLE_STRICT_OBJC_MSGSEND = YES;
				ENABLE_TESTABILITY = YES;
				ENABLE_USER_SCRIPT_SANDBOXING = YES;
				GCC_C_LANGUAGE_STANDARD = gnu17;
				GCC_DYNAMIC_NO_PIC = NO;
				GCC_NO_COMMON_BLOCKS = YES;
				GCC_OPTIMIZATION_LEVEL = 0;
				GCC_PREPROCESSOR_DEFINITIONS = (
					"DEBUG=1",
					"$(inherited)",
				);
				GCC_WARN_64_TO_32_BIT_CONVERSION = YES;
				GCC_WARN_ABOUT_RETURN_TYPE = YES_ERROR;
				GCC_WARN_UNDECLARED_SELECTOR = YES;
				GCC_WARN_UNINITIALIZED_AUTOS = YES_AGGRESSIVE;
				GCC_WARN_UNUSED_FUNCTION = YES;
				GCC_WARN_UNUSED_VARIABLE = YES;
				IPHONEOS_DEPLOYMENT_TARGET = 18.1;
				LOCALIZATION_PREFERS_STRING_CATALOGS = YES;
				MTL_ENABLE_DEBUG_INFO = INCLUDE_SOURCE;
				MTL_FAST_MATH = YES;
				ONLY_ACTIVE_ARCH = YES;
				SDKROOT = iphoneos;
				SWIFT_ACTIVE_COMPILATION_CONDITIONS = "DEBUG $(inherited)";
				SWIFT_OPTIMIZATION_LEVEL = "-Onone";
			};
			name = Debug;
		};
		79DC8AE12CF358D700B069D2 /* Release */ = {
			isa = XCBuildConfiguration;
			buildSettings = {
				ALWAYS_SEARCH_USER_PATHS = NO;
				ASSETCATALOG_COMPILER_GENERATE_SWIFT_ASSET_SYMBOL_EXTENSIONS = YES;
				CLANG_ANALYZER_NONNULL = YES;
				CLANG_ANALYZER_NUMBER_OBJECT_CONVERSION = YES_AGGRESSIVE;
				CLANG_CXX_LANGUAGE_STANDARD = "gnu++20";
				CLANG_ENABLE_MODULES = YES;
				CLANG_ENABLE_OBJC_ARC = YES;
				CLANG_ENABLE_OBJC_WEAK = YES;
				CLANG_WARN_BLOCK_CAPTURE_AUTORELEASING = YES;
				CLANG_WARN_BOOL_CONVERSION = YES;
				CLANG_WARN_COMMA = YES;
				CLANG_WARN_CONSTANT_CONVERSION = YES;
				CLANG_WARN_DEPRECATED_OBJC_IMPLEMENTATIONS = YES;
				CLANG_WARN_DIRECT_OBJC_ISA_USAGE = YES_ERROR;
				CLANG_WARN_DOCUMENTATION_COMMENTS = YES;
				CLANG_WARN_EMPTY_BODY = YES;
				CLANG_WARN_ENUM_CONVERSION = YES;
				CLANG_WARN_INFINITE_RECURSION = YES;
				CLANG_WARN_INT_CONVERSION = YES;
				CLANG_WARN_NON_LITERAL_NULL_CONVERSION = YES;
				CLANG_WARN_OBJC_IMPLICIT_RETAIN_SELF = YES;
				CLANG_WARN_OBJC_LITERAL_CONVERSION = YES;
				CLANG_WARN_OBJC_ROOT_CLASS = YES_ERROR;
				CLANG_WARN_QUOTED_INCLUDE_IN_FRAMEWORK_HEADER = YES;
				CLANG_WARN_RANGE_LOOP_ANALYSIS = YES;
				CLANG_WARN_STRICT_PROTOTYPES = YES;
				CLANG_WARN_SUSPICIOUS_MOVE = YES;
				CLANG_WARN_UNGUARDED_AVAILABILITY = YES_AGGRESSIVE;
				CLANG_WARN_UNREACHABLE_CODE = YES;
				CLANG_WARN__DUPLICATE_METHOD_MATCH = YES;
				COPY_PHASE_STRIP = NO;
				DEBUG_INFORMATION_FORMAT = "dwarf-with-dsym";
				ENABLE_NS_ASSERTIONS = NO;
				ENABLE_STRICT_OBJC_MSGSEND = YES;
				ENABLE_USER_SCRIPT_SANDBOXING = YES;
				GCC_C_LANGUAGE_STANDARD = gnu17;
				GCC_NO_COMMON_BLOCKS = YES;
				GCC_WARN_64_TO_32_BIT_CONVERSION = YES;
				GCC_WARN_ABOUT_RETURN_TYPE = YES_ERROR;
				GCC_WARN_UNDECLARED_SELECTOR = YES;
				GCC_WARN_UNINITIALIZED_AUTOS = YES_AGGRESSIVE;
				GCC_WARN_UNUSED_FUNCTION = YES;
				GCC_WARN_UNUSED_VARIABLE = YES;
				IPHONEOS_DEPLOYMENT_TARGET = 18.1;
				LOCALIZATION_PREFERS_STRING_CATALOGS = YES;
				MTL_ENABLE_DEBUG_INFO = NO;
				MTL_FAST_MATH = YES;
				SDKROOT = iphoneos;
				SWIFT_COMPILATION_MODE = wholemodule;
				VALIDATE_PRODUCT = YES;
			};
			name = Release;
		};
		79DC8AE32CF358D700B069D2 /* Debug */ = {
			isa = XCBuildConfiguration;
			buildSettings = {
				ASSETCATALOG_COMPILER_APPICON_NAME = AppIcon;
				ASSETCATALOG_COMPILER_GLOBAL_ACCENT_COLOR_NAME = AccentColor;
				CODE_SIGN_IDENTITY = "Apple Development";
				CODE_SIGN_STYLE = Automatic;
				CURRENT_PROJECT_VERSION = 1;
				DEVELOPMENT_ASSET_PATHS = "\"App_GroupChat_IOS/Preview Content\"";
				DEVELOPMENT_TEAM = DV72ZA755U;
				ENABLE_PREVIEWS = YES;
				GENERATE_INFOPLIST_FILE = YES;
				INFOPLIST_FILE = "App-GroupChat-IOS-Info.plist";
				INFOPLIST_KEY_UIApplicationSceneManifest_Generation = YES;
				INFOPLIST_KEY_UIApplicationSupportsIndirectInputEvents = YES;
				INFOPLIST_KEY_UILaunchScreen_Generation = YES;
				INFOPLIST_KEY_UISupportedInterfaceOrientations_iPad = "UIInterfaceOrientationPortrait UIInterfaceOrientationPortraitUpsideDown UIInterfaceOrientationLandscapeLeft UIInterfaceOrientationLandscapeRight";
				INFOPLIST_KEY_UISupportedInterfaceOrientations_iPhone = "UIInterfaceOrientationPortrait UIInterfaceOrientationLandscapeLeft UIInterfaceOrientationLandscapeRight";
				IPHONEOS_DEPLOYMENT_TARGET = 15.6;
				LD_RUNPATH_SEARCH_PATHS = (
					"$(inherited)",
					"@executable_path/Frameworks",
				);
				MARKETING_VERSION = 1.0;
				PRODUCT_BUNDLE_IDENTIFIER = "firstproj.App-GroupChat-IOS";
				PRODUCT_NAME = "$(TARGET_NAME)";
				PROVISIONING_PROFILE_SPECIFIER = "";
				SWIFT_EMIT_LOC_STRINGS = YES;
				SWIFT_VERSION = 5.0;
				TARGETED_DEVICE_FAMILY = "1,2";
			};
			name = Debug;
		};
		79DC8AE42CF358D700B069D2 /* Release */ = {
			isa = XCBuildConfiguration;
			buildSettings = {
				ASSETCATALOG_COMPILER_APPICON_NAME = AppIcon;
				ASSETCATALOG_COMPILER_GLOBAL_ACCENT_COLOR_NAME = AccentColor;
				CODE_SIGN_IDENTITY = "Apple Development";
				CODE_SIGN_STYLE = Automatic;
				CURRENT_PROJECT_VERSION = 1;
				DEVELOPMENT_ASSET_PATHS = "\"App_GroupChat_IOS/Preview Content\"";
				DEVELOPMENT_TEAM = DV72ZA755U;
				ENABLE_PREVIEWS = YES;
				GENERATE_INFOPLIST_FILE = YES;
				INFOPLIST_FILE = "App-GroupChat-IOS-Info.plist";
				INFOPLIST_KEY_UIApplicationSceneManifest_Generation = YES;
				INFOPLIST_KEY_UIApplicationSupportsIndirectInputEvents = YES;
				INFOPLIST_KEY_UILaunchScreen_Generation = YES;
				INFOPLIST_KEY_UISupportedInterfaceOrientations_iPad = "UIInterfaceOrientationPortrait UIInterfaceOrientationPortraitUpsideDown UIInterfaceOrientationLandscapeLeft UIInterfaceOrientationLandscapeRight";
				INFOPLIST_KEY_UISupportedInterfaceOrientations_iPhone = "UIInterfaceOrientationPortrait UIInterfaceOrientationLandscapeLeft UIInterfaceOrientationLandscapeRight";
				IPHONEOS_DEPLOYMENT_TARGET = 15.6;
				LD_RUNPATH_SEARCH_PATHS = (
					"$(inherited)",
					"@executable_path/Frameworks",
				);
				MARKETING_VERSION = 1.0;
				PRODUCT_BUNDLE_IDENTIFIER = "firstproj.App-GroupChat-IOS";
				PRODUCT_NAME = "$(TARGET_NAME)";
				PROVISIONING_PROFILE_SPECIFIER = "";
				SWIFT_EMIT_LOC_STRINGS = YES;
				SWIFT_VERSION = 5.0;
				TARGETED_DEVICE_FAMILY = "1,2";
			};
			name = Release;
		};
/* End XCBuildConfiguration section */

/* Begin XCConfigurationList section */
		79DC8ACF2CF358D100B069D2 /* Build configuration list for PBXProject "App_GroupChat_IOS" */ = {
			isa = XCConfigurationList;
			buildConfigurations = (
				79DC8AE02CF358D700B069D2 /* Debug */,
				79DC8AE12CF358D700B069D2 /* Release */,
			);
			defaultConfigurationIsVisible = 0;
			defaultConfigurationName = Release;
		};
		79DC8AE22CF358D700B069D2 /* Build configuration list for PBXNativeTarget "App_GroupChat_IOS" */ = {
			isa = XCConfigurationList;
			buildConfigurations = (
				79DC8AE32CF358D700B069D2 /* Debug */,
				79DC8AE42CF358D700B069D2 /* Release */,
			);
			defaultConfigurationIsVisible = 0;
			defaultConfigurationName = Release;
		};
/* End XCConfigurationList section */

/* Begin XCRemoteSwiftPackageReference section */
		790FB44F2CFC4E0D00E300E7 /* XCRemoteSwiftPackageReference "SDWebImageSwiftUI" */ = {
			isa = XCRemoteSwiftPackageReference;
			repositoryURL = "https://github.com/SDWebImage/SDWebImageSwiftUI";
			requirement = {
				kind = upToNextMajorVersion;
				minimumVersion = 3.1.3;
			};
		};
		79B685A32CF6F57D00B9B35F /* XCRemoteSwiftPackageReference "firebase-ios-sdk" */ = {
			isa = XCRemoteSwiftPackageReference;
			repositoryURL = "https://github.com/firebase/firebase-ios-sdk";
			requirement = {
				kind = upToNextMajorVersion;
				minimumVersion = 11.5.0;
			};
		};
		79B686282CF6FEF100B9B35F /* XCRemoteSwiftPackageReference "GoogleSignIn-IOS" */ = {
			isa = XCRemoteSwiftPackageReference;
			repositoryURL = "https://github.com/google/GoogleSignIn-IOS";
			requirement = {
				kind = upToNextMajorVersion;
				minimumVersion = 8.0.0;
			};
		};
/* End XCRemoteSwiftPackageReference section */

/* Begin XCSwiftPackageProductDependency section */
		790FB4502CFC4E0D00E300E7 /* SDWebImageSwiftUI */ = {
			isa = XCSwiftPackageProductDependency;
			package = 790FB44F2CFC4E0D00E300E7 /* XCRemoteSwiftPackageReference "SDWebImageSwiftUI" */;
			productName = SDWebImageSwiftUI;
		};
		79B686172CF6FBA400B9B35F /* FirebaseAuth */ = {
			isa = XCSwiftPackageProductDependency;
			package = 79B685A32CF6F57D00B9B35F /* XCRemoteSwiftPackageReference "firebase-ios-sdk" */;
			productName = FirebaseAuth;
		};
		79B686192CF6FBA400B9B35F /* FirebaseCore */ = {
			isa = XCSwiftPackageProductDependency;
			package = 79B685A32CF6F57D00B9B35F /* XCRemoteSwiftPackageReference "firebase-ios-sdk" */;
			productName = FirebaseCore;
		};
		79B6861B2CF6FBA400B9B35F /* FirebaseDatabase */ = {
			isa = XCSwiftPackageProductDependency;
			package = 79B685A32CF6F57D00B9B35F /* XCRemoteSwiftPackageReference "firebase-ios-sdk" */;
			productName = FirebaseDatabase;
		};
		79B6861D2CF6FBA400B9B35F /* FirebaseFirestore */ = {
			isa = XCSwiftPackageProductDependency;
			package = 79B685A32CF6F57D00B9B35F /* XCRemoteSwiftPackageReference "firebase-ios-sdk" */;
			productName = FirebaseFirestore;
		};
		79B6861F2CF6FBA400B9B35F /* FirebaseStorage */ = {
			isa = XCSwiftPackageProductDependency;
			package = 79B685A32CF6F57D00B9B35F /* XCRemoteSwiftPackageReference "firebase-ios-sdk" */;
			productName = FirebaseStorage;
		};
		79B686292CF6FEF100B9B35F /* GoogleSignIn */ = {
			isa = XCSwiftPackageProductDependency;
			package = 79B686282CF6FEF100B9B35F /* XCRemoteSwiftPackageReference "GoogleSignIn-IOS" */;
			productName = GoogleSignIn;
		};
		79B6862B2CF6FEF100B9B35F /* GoogleSignInSwift */ = {
			isa = XCSwiftPackageProductDependency;
			package = 79B686282CF6FEF100B9B35F /* XCRemoteSwiftPackageReference "GoogleSignIn-IOS" */;
			productName = GoogleSignInSwift;
		};
/* End XCSwiftPackageProductDependency section */
	};
	rootObject = 79DC8ACC2CF358D100B069D2 /* Project object */;
}
